
Microsoft Visual Studio Solution File, Format Version 12.00
# Visual Studio 15
Project("{FAE04EC0-301F-11D3-BF4B-00C04F79EFBC}") = "Google.Play.Games", "Google.Play.Games.csproj", "{B568E5F4-B234-B85D-B771-E4D7C4CD16F5}"
EndProject
Project("{FAE04EC0-301F-11D3-BF4B-00C04F79EFBC}") = "OutlineFx", "OutlineFx.csproj", "{7AC4DDE9-9863-52CB-BF74-084DF49F69EE}"
EndProject
Project("{FAE04EC0-301F-11D3-BF4B-00C04F79EFBC}") = "Assembly-CSharp", "Assembly-CSharp.csproj", "{92E430F3-A676-9534-0124-20ABDD5F9D03}"
EndProject
Project("{FAE04EC0-301F-11D3-BF4B-00C04F79EFBC}") = "Google.Play.Games.Editor", "Google.Play.Games.Editor.csproj", "{3A6A7E6B-6C04-72C8-8C97-6DC81EF467E8}"
EndProject
Project("{FAE04EC0-301F-11D3-BF4B-00C04F79EFBC}") = "GoogleMobileAds.Editor", "GoogleMobileAds.Editor.csproj", "{54AB1FE3-396F-4B20-17D9-FA3F8DA39A00}"
EndProject
Project("{FAE04EC0-301F-11D3-BF4B-00C04F79EFBC}") = "OutlineFx.Editor", "OutlineFx.Editor.csproj", "{0D81D70F-1A4A-CD76-B74B-9F9B5A3E7DF7}"
EndProject
Global
	GlobalSection(SolutionConfigurationPlatforms) = preSolution
		Debug|Any CPU = Debug|Any CPU
		Release|Any CPU = Release|Any CPU
	EndGlobalSection
	GlobalSection(ProjectConfigurationPlatforms) = postSolution
		{B568E5F4-B234-B85D-B771-E4D7C4CD16F5}.Debug|Any CPU.ActiveCfg = Debug|Any CPU
		{B568E5F4-B234-B85D-B771-E4D7C4CD16F5}.Debug|Any CPU.Build.0 = Debug|Any CPU
		{B568E5F4-B234-B85D-B771-E4D7C4CD16F5}.Release|Any CPU.ActiveCfg = Release|Any CPU
		{B568E5F4-B234-B85D-B771-E4D7C4CD16F5}.Release|Any CPU.Build.0 = Release|Any CPU
		{7AC4DDE9-9863-52CB-BF74-084DF49F69EE}.Debug|Any CPU.ActiveCfg = Debug|Any CPU
		{7AC4DDE9-9863-52CB-BF74-084DF49F69EE}.Debug|Any CPU.Build.0 = Debug|Any CPU
		{7AC4DDE9-9863-52CB-BF74-084DF49F69EE}.Release|Any CPU.ActiveCfg = Release|Any CPU
		{7AC4DDE9-9863-52CB-BF74-084DF49F69EE}.Release|Any CPU.Build.0 = Release|Any CPU
		{92E430F3-A676-9534-0124-20ABDD5F9D03}.Debug|Any CPU.ActiveCfg = Debug|Any CPU
		{92E430F3-A676-9534-0124-20ABDD5F9D03}.Debug|Any CPU.Build.0 = Debug|Any CPU
		{92E430F3-A676-9534-0124-20ABDD5F9D03}.Release|Any CPU.ActiveCfg = Release|Any CPU
		{92E430F3-A676-9534-0124-20ABDD5F9D03}.Release|Any CPU.Build.0 = Release|Any CPU
		{3A6A7E6B-6C04-72C8-8C97-6DC81EF467E8}.Debug|Any CPU.ActiveCfg = Debug|Any CPU
		{3A6A7E6B-6C04-72C8-8C97-6DC81EF467E8}.Debug|Any CPU.Build.0 = Debug|Any CPU
		{3A6A7E6B-6C04-72C8-8C97-6DC81EF467E8}.Release|Any CPU.ActiveCfg = Release|Any CPU
		{3A6A7E6B-6C04-72C8-8C97-6DC81EF467E8}.Release|Any CPU.Build.0 = Release|Any CPU
		{54AB1FE3-396F-4B20-17D9-FA3F8DA39A00}.Debug|Any CPU.ActiveCfg = Debug|Any CPU
		{54AB1FE3-396F-4B20-17D9-FA3F8DA39A00}.Debug|Any CPU.Build.0 = Debug|Any CPU
		{54AB1FE3-396F-4B20-17D9-FA3F8DA39A00}.Release|Any CPU.ActiveCfg = Release|Any CPU
		{54AB1FE3-396F-4B20-17D9-FA3F8DA39A00}.Release|Any CPU.Build.0 = Release|Any CPU
		{0D81D70F-1A4A-CD76-B74B-9F9B5A3E7DF7}.Debug|Any CPU.ActiveCfg = Debug|Any CPU
		{0D81D70F-1A4A-CD76-B74B-9F9B5A3E7DF7}.Debug|Any CPU.Build.0 = Debug|Any CPU
		{0D81D70F-1A4A-CD76-B74B-9F9B5A3E7DF7}.Release|Any CPU.ActiveCfg = Release|Any CPU
		{0D81D70F-1A4A-CD76-B74B-9F9B5A3E7DF7}.Release|Any CPU.Build.0 = Release|Any CPU
	EndGlobalSection
	GlobalSection(SolutionProperties) = preSolution
		HideSolutionNode = FALSE
	EndGlobalSection
EndGlobal
